{
  "nodes": {
    "darwin": {
      "inputs": {
        "nixpkgs": [
          "nixpkgs"
        ]
      },
      "locked": {
        "lastModified": 1764161084,
        "narHash": "sha256-HN84sByg9FhJnojkGGDSrcjcbeioFWoNXfuyYfJ1kBE=",
        "owner": "lnl7",
        "repo": "nix-darwin",
        "rev": "e95de00a471d07435e0527ff4db092c84998698e",
        "type": "github"
      },
      "original": {
        "owner": "lnl7",
        "ref": "nix-darwin-25.11",
        "repo": "nix-darwin",
        "type": "github"
      }
    },
    "home-manager": {
      "inputs": {
        "nixpkgs": [
          "nixpkgs"
        ]
      },
      "locked": {
        "lastModified": 1764776959,
        "narHash": "sha256-d+5CGloq7Lo1u2SkzhF8oiOdUc6Z5emh22nTXUB9CFA=",
        "owner": "nix-community",
        "repo": "home-manager",
        "rev": "e1680d594a9281651cbf7d126941a8c8e2396183",
        "type": "github"
      },
      "original": {
        "owner": "nix-community",
        "ref": "release-25.11",
        "repo": "home-manager",
        "type": "github"
      }
    },
    "nixpkgs": {
      "locked": {
        "lastModified": 1764806471,
        "narHash": "sha256-NsPsz003eWD8wp8vj5BnQzPoDyeQKRUfS2dvan2Y30M=",
        "owner": "nixOS",
        "repo": "nixpkgs",
        "rev": "6707b1809330d0f912f5813963bb29f6f194ee81",
        "type": "github"
      },
      "original": {
        "owner": "nixOS",
        "ref": "nixpkgs-25.11-darwin",
        "repo": "nixpkgs",
        "type": "github"
      }
    },
    "nixpkgs-unstable": {
      "locked": {
        "lastModified": 1764794580,
        "narHash": "sha256-UMVihg0OQ980YqmOAPz+zkuCEb9hpE5Xj2v+ZGNjQ+M=",
        "owner": "nixOS",
        "repo": "nixpkgs",
        "rev": "ebc94f855ef25347c314258c10393a92794e7ab9",
        "type": "github"
      },
      "original": {
        "owner": "nixOS",
        "ref": "nixpkgs-unstable",
        "repo": "nixpkgs",
        "type": "github"
      }
    },
    "root": {
      "inputs": {
        "darwin": "darwin",
        "home-manager": "home-manager",
        "nixpkgs": "nixpkgs",
        "nixpkgs-unstable": "nixpkgs-unstable"
      }
    }
  },
  "root": "root",
  "version": 7
}
